
Microsoft Visual Studio Solution File, Format Version 12.00
# Visual Studio Version 17
VisualStudioVersion = 17.2.32526.322
MinimumVisualStudioVersion = 10.0.40219.1
Project("{FAE04EC0-301F-11D3-BF4B-00C04F79EFBC}") = "unidad 2 prog", "unidad 2 prog\unidad 2 prog.csproj", "{DB55626E-02A6-42E7-88D5-1ECF64158FB3}"
EndProject
Global
	GlobalSection(SolutionConfigurationPlatforms) = preSolution
		Debug|Any CPU = Debug|Any CPU
		Release|Any CPU = Release|Any CPU
	EndGlobalSection
	GlobalSection(ProjectConfigurationPlatforms) = postSolution
		{DB55626E-02A6-42E7-88D5-1ECF64158FB3}.Debug|Any CPU.ActiveCfg = Debug|Any CPU
		{DB55626E-02A6-42E7-88D5-1ECF64158FB3}.Debug|Any CPU.Build.0 = Debug|Any CPU
		{DB55626E-02A6-42E7-88D5-1ECF64158FB3}.Release|Any CPU.ActiveCfg = Release|Any CPU
		{DB55626E-02A6-42E7-88D5-1ECF64158FB3}.Release|Any CPU.Build.0 = Release|Any CPU
	EndGlobalSection
	GlobalSection(SolutionProperties) = preSolution
		HideSolutionNode = FALSE
	EndGlobalSection
	GlobalSection(ExtensibilityGlobals) = postSolution
		SolutionGuid = {97700845-2F67-4424-8367-9338E16169D9}
	EndGlobalSection
EndGlobal
